
Microsoft Visual Studio Solution File, Format Version 12.00
# Visual Studio Version 17
VisualStudioVersion = 17.11.35303.130
MinimumVisualStudioVersion = 10.0.40219.1
Project("{9A19103F-16F7-4668-BE54-9A1E7A4F7556}") = "Restaurant.ApiGateway", "src\API Gateway\Restaurant.ApiGateway\Restaurant.ApiGateway.csproj", "{0BA0EFF2-4E4B-469B-AD6F-5C0EFCDE7EEA}"
EndProject
Project("{9A19103F-16F7-4668-BE54-9A1E7A4F7556}") = "Restaurant.PaymentService", "src\Services\Restaurant.PaymentService\Restaurant.PaymentService.csproj", "{1691EA54-8469-4A51-A5A0-94B8DD8F611F}"
EndProject
Project("{9A19103F-16F7-4668-BE54-9A1E7A4F7556}") = "Restaurant.Shared", "src\Shared\Restaurant.Shared\Restaurant.Shared.csproj", "{48F08A8C-7F0C-493D-B6F2-76998D31BCBE}"
EndProject
Project("{9A19103F-16F7-4668-BE54-9A1E7A4F7556}") = "Restaurant.OrderManagementService", "src\Services\Restaurant.OrderManagementService\Restaurant.OrderManagementService.csproj", "{DBC79826-E482-4B65-8EC9-12295E28C537}"
EndProject
Global
	GlobalSection(SolutionConfigurationPlatforms) = preSolution
		Debug|Any CPU = Debug|Any CPU
		Release|Any CPU = Release|Any CPU
	EndGlobalSection
	GlobalSection(ProjectConfigurationPlatforms) = postSolution
		{0BA0EFF2-4E4B-469B-AD6F-5C0EFCDE7EEA}.Debug|Any CPU.ActiveCfg = Debug|Any CPU
		{0BA0EFF2-4E4B-469B-AD6F-5C0EFCDE7EEA}.Debug|Any CPU.Build.0 = Debug|Any CPU
		{0BA0EFF2-4E4B-469B-AD6F-5C0EFCDE7EEA}.Release|Any CPU.ActiveCfg = Release|Any CPU
		{0BA0EFF2-4E4B-469B-AD6F-5C0EFCDE7EEA}.Release|Any CPU.Build.0 = Release|Any CPU
		{1691EA54-8469-4A51-A5A0-94B8DD8F611F}.Debug|Any CPU.ActiveCfg = Debug|Any CPU
		{1691EA54-8469-4A51-A5A0-94B8DD8F611F}.Debug|Any CPU.Build.0 = Debug|Any CPU
		{1691EA54-8469-4A51-A5A0-94B8DD8F611F}.Release|Any CPU.ActiveCfg = Release|Any CPU
		{1691EA54-8469-4A51-A5A0-94B8DD8F611F}.Release|Any CPU.Build.0 = Release|Any CPU
		{48F08A8C-7F0C-493D-B6F2-76998D31BCBE}.Debug|Any CPU.ActiveCfg = Debug|Any CPU
		{48F08A8C-7F0C-493D-B6F2-76998D31BCBE}.Debug|Any CPU.Build.0 = Debug|Any CPU
		{48F08A8C-7F0C-493D-B6F2-76998D31BCBE}.Release|Any CPU.ActiveCfg = Release|Any CPU
		{48F08A8C-7F0C-493D-B6F2-76998D31BCBE}.Release|Any CPU.Build.0 = Release|Any CPU
		{DBC79826-E482-4B65-8EC9-12295E28C537}.Debug|Any CPU.ActiveCfg = Debug|Any CPU
		{DBC79826-E482-4B65-8EC9-12295E28C537}.Debug|Any CPU.Build.0 = Debug|Any CPU
		{DBC79826-E482-4B65-8EC9-12295E28C537}.Release|Any CPU.ActiveCfg = Release|Any CPU
		{DBC79826-E482-4B65-8EC9-12295E28C537}.Release|Any CPU.Build.0 = Release|Any CPU
	EndGlobalSection
	GlobalSection(SolutionProperties) = preSolution
		HideSolutionNode = FALSE
	EndGlobalSection
	GlobalSection(ExtensibilityGlobals) = postSolution
		SolutionGuid = {63ABE435-AC7A-46DB-9798-6346C8367ADD}
	EndGlobalSection
EndGlobal
